
Microsoft Visual Studio Solution File, Format Version 12.00
# Visual Studio 15
VisualStudioVersion = 15.0.27130.2036
MinimumVisualStudioVersion = 10.0.40219.1
Project("{9A19103F-16F7-4668-BE54-9A1E7A4F7556}") = "DressForWeather", "DressForWeather\DressForWeather.csproj", "{B1593544-F99A-41F5-96B5-73205B9F41F5}"
EndProject
Project("{FAE04EC0-301F-11D3-BF4B-00C04F79EFBC}") = "DressForWeather.UnitTest", "DressForWeather.UnitTest\DressForWeather.UnitTest.csproj", "{5795CD24-EB62-42D3-9EB1-C5B68B166122}"
EndProject
Project("{FAE04EC0-301F-11D3-BF4B-00C04F79EFBC}") = "DressForWeather_ConsoleApp", "DressForWeather_ConsoleApp\DressForWeather_ConsoleApp.csproj", "{A9580147-A2A4-4F78-AFA8-BA37AEE8BE81}"
EndProject
Global
	GlobalSection(SolutionConfigurationPlatforms) = preSolution
		Debug|Any CPU = Debug|Any CPU
		Release|Any CPU = Release|Any CPU
	EndGlobalSection
	GlobalSection(ProjectConfigurationPlatforms) = postSolution
		{B1593544-F99A-41F5-96B5-73205B9F41F5}.Debug|Any CPU.ActiveCfg = Debug|Any CPU
		{B1593544-F99A-41F5-96B5-73205B9F41F5}.Debug|Any CPU.Build.0 = Debug|Any CPU
		{B1593544-F99A-41F5-96B5-73205B9F41F5}.Release|Any CPU.ActiveCfg = Release|Any CPU
		{B1593544-F99A-41F5-96B5-73205B9F41F5}.Release|Any CPU.Build.0 = Release|Any CPU
		{5795CD24-EB62-42D3-9EB1-C5B68B166122}.Debug|Any CPU.ActiveCfg = Debug|Any CPU
		{5795CD24-EB62-42D3-9EB1-C5B68B166122}.Debug|Any CPU.Build.0 = Debug|Any CPU
		{5795CD24-EB62-42D3-9EB1-C5B68B166122}.Release|Any CPU.ActiveCfg = Release|Any CPU
		{5795CD24-EB62-42D3-9EB1-C5B68B166122}.Release|Any CPU.Build.0 = Release|Any CPU
		{A9580147-A2A4-4F78-AFA8-BA37AEE8BE81}.Debug|Any CPU.ActiveCfg = Debug|Any CPU
		{A9580147-A2A4-4F78-AFA8-BA37AEE8BE81}.Debug|Any CPU.Build.0 = Debug|Any CPU
		{A9580147-A2A4-4F78-AFA8-BA37AEE8BE81}.Release|Any CPU.ActiveCfg = Release|Any CPU
		{A9580147-A2A4-4F78-AFA8-BA37AEE8BE81}.Release|Any CPU.Build.0 = Release|Any CPU
	EndGlobalSection
	GlobalSection(SolutionProperties) = preSolution
		HideSolutionNode = FALSE
	EndGlobalSection
	GlobalSection(ExtensibilityGlobals) = postSolution
		SolutionGuid = {26D00731-98D3-409B-9860-170474C695A7}
	EndGlobalSection
EndGlobal
